
Microsoft Visual Studio Solution File, Format Version 12.00
# Visual Studio Version 17
VisualStudioVersion = 17.7.34003.232
MinimumVisualStudioVersion = 10.0.40219.1
Project("{FAE04EC0-301F-11D3-BF4B-00C04F79EFBC}") = "Массивы2", "Массивы2\Массивы2.csproj", "{9319622E-BFFE-4736-9EAE-EFC3155ED5F9}"
EndProject
Global
	GlobalSection(SolutionConfigurationPlatforms) = preSolution
		Debug|Any CPU = Debug|Any CPU
		Release|Any CPU = Release|Any CPU
	EndGlobalSection
	GlobalSection(ProjectConfigurationPlatforms) = postSolution
		{9319622E-BFFE-4736-9EAE-EFC3155ED5F9}.Debug|Any CPU.ActiveCfg = Debug|Any CPU
		{9319622E-BFFE-4736-9EAE-EFC3155ED5F9}.Debug|Any CPU.Build.0 = Debug|Any CPU
		{9319622E-BFFE-4736-9EAE-EFC3155ED5F9}.Release|Any CPU.ActiveCfg = Release|Any CPU
		{9319622E-BFFE-4736-9EAE-EFC3155ED5F9}.Release|Any CPU.Build.0 = Release|Any CPU
	EndGlobalSection
	GlobalSection(SolutionProperties) = preSolution
		HideSolutionNode = FALSE
	EndGlobalSection
	GlobalSection(ExtensibilityGlobals) = postSolution
		SolutionGuid = {5C8C6DFB-E808-43A9-9D9F-C0F38E094EA7}
	EndGlobalSection
EndGlobal
