
Microsoft Visual Studio Solution File, Format Version 12.00
# Visual Studio Version 17
VisualStudioVersion = 17.7.34003.232
MinimumVisualStudioVersion = 10.0.40219.1
Project("{FAE04EC0-301F-11D3-BF4B-00C04F79EFBC}") = "Массивы3", "Массивы3\Массивы3.csproj", "{0BF787C1-A4C7-45CD-97D2-B209DA5B2C84}"
EndProject
Global
	GlobalSection(SolutionConfigurationPlatforms) = preSolution
		Debug|Any CPU = Debug|Any CPU
		Release|Any CPU = Release|Any CPU
	EndGlobalSection
	GlobalSection(ProjectConfigurationPlatforms) = postSolution
		{0BF787C1-A4C7-45CD-97D2-B209DA5B2C84}.Debug|Any CPU.ActiveCfg = Debug|Any CPU
		{0BF787C1-A4C7-45CD-97D2-B209DA5B2C84}.Debug|Any CPU.Build.0 = Debug|Any CPU
		{0BF787C1-A4C7-45CD-97D2-B209DA5B2C84}.Release|Any CPU.ActiveCfg = Release|Any CPU
		{0BF787C1-A4C7-45CD-97D2-B209DA5B2C84}.Release|Any CPU.Build.0 = Release|Any CPU
	EndGlobalSection
	GlobalSection(SolutionProperties) = preSolution
		HideSolutionNode = FALSE
	EndGlobalSection
	GlobalSection(ExtensibilityGlobals) = postSolution
		SolutionGuid = {A80E0C58-4268-4A20-9B63-BF0F81AC11A3}
	EndGlobalSection
EndGlobal
