
Microsoft Visual Studio Solution File, Format Version 12.00
# Visual Studio Version 17
VisualStudioVersion = 17.7.34003.232
MinimumVisualStudioVersion = 10.0.40219.1
Project("{FAE04EC0-301F-11D3-BF4B-00C04F79EFBC}") = "AuthApp", "AuthApp\AuthApp.csproj", "{3FC09F51-BA19-4410-B3ED-736FB03F6424}"
EndProject
Global
	GlobalSection(SolutionConfigurationPlatforms) = preSolution
		Debug|Any CPU = Debug|Any CPU
		Release|Any CPU = Release|Any CPU
	EndGlobalSection
	GlobalSection(ProjectConfigurationPlatforms) = postSolution
		{3FC09F51-BA19-4410-B3ED-736FB03F6424}.Debug|Any CPU.ActiveCfg = Debug|Any CPU
		{3FC09F51-BA19-4410-B3ED-736FB03F6424}.Debug|Any CPU.Build.0 = Debug|Any CPU
		{3FC09F51-BA19-4410-B3ED-736FB03F6424}.Release|Any CPU.ActiveCfg = Release|Any CPU
		{3FC09F51-BA19-4410-B3ED-736FB03F6424}.Release|Any CPU.Build.0 = Release|Any CPU
	EndGlobalSection
	GlobalSection(SolutionProperties) = preSolution
		HideSolutionNode = FALSE
	EndGlobalSection
	GlobalSection(ExtensibilityGlobals) = postSolution
		SolutionGuid = {DF43DC21-D7ED-424A-BCFB-C58CB441E4A8}
	EndGlobalSection
EndGlobal
