
Microsoft Visual Studio Solution File, Format Version 12.00
# Visual Studio Version 17
VisualStudioVersion = 17.14.36518.9 d17.14
MinimumVisualStudioVersion = 10.0.40219.1
Project("{FAE04EC0-301F-11D3-BF4B-00C04F79EFBC}") = "циклы3", "циклы3\циклы3.csproj", "{BDEFF532-E6C4-48E4-AAD3-E902A5621888}"
EndProject
Global
	GlobalSection(SolutionConfigurationPlatforms) = preSolution
		Debug|Any CPU = Debug|Any CPU
		Release|Any CPU = Release|Any CPU
	EndGlobalSection
	GlobalSection(ProjectConfigurationPlatforms) = postSolution
		{BDEFF532-E6C4-48E4-AAD3-E902A5621888}.Debug|Any CPU.ActiveCfg = Debug|Any CPU
		{BDEFF532-E6C4-48E4-AAD3-E902A5621888}.Debug|Any CPU.Build.0 = Debug|Any CPU
		{BDEFF532-E6C4-48E4-AAD3-E902A5621888}.Release|Any CPU.ActiveCfg = Release|Any CPU
		{BDEFF532-E6C4-48E4-AAD3-E902A5621888}.Release|Any CPU.Build.0 = Release|Any CPU
	EndGlobalSection
	GlobalSection(SolutionProperties) = preSolution
		HideSolutionNode = FALSE
	EndGlobalSection
	GlobalSection(ExtensibilityGlobals) = postSolution
		SolutionGuid = {491D8AE4-468D-49CB-8E83-2EF3352EA1AF}
	EndGlobalSection
EndGlobal
