
Microsoft Visual Studio Solution File, Format Version 12.00
# Visual Studio Version 17
VisualStudioVersion = 17.7.34003.232
MinimumVisualStudioVersion = 10.0.40219.1
Project("{FAE04EC0-301F-11D3-BF4B-00C04F79EFBC}") = "WindowsFormsApp1", "WindowsFormsApp1\WindowsFormsApp1.csproj", "{86FEAD04-58BF-4808-9517-343707C254FC}"
EndProject
Global
	GlobalSection(SolutionConfigurationPlatforms) = preSolution
		Debug|Any CPU = Debug|Any CPU
		Release|Any CPU = Release|Any CPU
	EndGlobalSection
	GlobalSection(ProjectConfigurationPlatforms) = postSolution
		{86FEAD04-58BF-4808-9517-343707C254FC}.Debug|Any CPU.ActiveCfg = Debug|Any CPU
		{86FEAD04-58BF-4808-9517-343707C254FC}.Debug|Any CPU.Build.0 = Debug|Any CPU
		{86FEAD04-58BF-4808-9517-343707C254FC}.Release|Any CPU.ActiveCfg = Release|Any CPU
		{86FEAD04-58BF-4808-9517-343707C254FC}.Release|Any CPU.Build.0 = Release|Any CPU
	EndGlobalSection
	GlobalSection(SolutionProperties) = preSolution
		HideSolutionNode = FALSE
	EndGlobalSection
	GlobalSection(ExtensibilityGlobals) = postSolution
		SolutionGuid = {F84D8497-A484-4AA7-B35B-7A1AA34BC5B8}
	EndGlobalSection
EndGlobal
