
Microsoft Visual Studio Solution File, Format Version 12.00
# Visual Studio Version 17
VisualStudioVersion = 17.14.36518.9 d17.14
MinimumVisualStudioVersion = 10.0.40219.1
Project("{FAE04EC0-301F-11D3-BF4B-00C04F79EFBC}") = "циклы2", "циклы2\циклы2.csproj", "{D454645C-E434-4F34-8BE0-C7BFB6BEDE6F}"
EndProject
Global
	GlobalSection(SolutionConfigurationPlatforms) = preSolution
		Debug|Any CPU = Debug|Any CPU
		Release|Any CPU = Release|Any CPU
	EndGlobalSection
	GlobalSection(ProjectConfigurationPlatforms) = postSolution
		{D454645C-E434-4F34-8BE0-C7BFB6BEDE6F}.Debug|Any CPU.ActiveCfg = Debug|Any CPU
		{D454645C-E434-4F34-8BE0-C7BFB6BEDE6F}.Debug|Any CPU.Build.0 = Debug|Any CPU
		{D454645C-E434-4F34-8BE0-C7BFB6BEDE6F}.Release|Any CPU.ActiveCfg = Release|Any CPU
		{D454645C-E434-4F34-8BE0-C7BFB6BEDE6F}.Release|Any CPU.Build.0 = Release|Any CPU
	EndGlobalSection
	GlobalSection(SolutionProperties) = preSolution
		HideSolutionNode = FALSE
	EndGlobalSection
	GlobalSection(ExtensibilityGlobals) = postSolution
		SolutionGuid = {CCAA13D0-2D94-4F1F-ABF8-E38A5D6AD71C}
	EndGlobalSection
EndGlobal
